
Microsoft Visual Studio Solution File, Format Version 12.00
# Visual Studio Version 17
VisualStudioVersion = 17.14.36429.23 d17.14
MinimumVisualStudioVersion = 10.0.40219.1
Project("{FAE04EC0-301F-11D3-BF4B-00C04F79EFBC}") = "Shop_Api_PV42", "Shop_Api_PV42\Shop_Api_PV42.csproj", "{CC15216A-3044-4756-AB22-C24DE97E8B33}"
EndProject
Global
	GlobalSection(SolutionConfigurationPlatforms) = preSolution
		Debug|Any CPU = Debug|Any CPU
		Release|Any CPU = Release|Any CPU
	EndGlobalSection
	GlobalSection(ProjectConfigurationPlatforms) = postSolution
		{CC15216A-3044-4756-AB22-C24DE97E8B33}.Debug|Any CPU.ActiveCfg = Debug|Any CPU
		{CC15216A-3044-4756-AB22-C24DE97E8B33}.Debug|Any CPU.Build.0 = Debug|Any CPU
		{CC15216A-3044-4756-AB22-C24DE97E8B33}.Release|Any CPU.ActiveCfg = Release|Any CPU
		{CC15216A-3044-4756-AB22-C24DE97E8B33}.Release|Any CPU.Build.0 = Release|Any CPU
	EndGlobalSection
	GlobalSection(SolutionProperties) = preSolution
		HideSolutionNode = FALSE
	EndGlobalSection
	GlobalSection(ExtensibilityGlobals) = postSolution
		SolutionGuid = {113DAD0A-28C7-4D91-AF74-401108DA3FD4}
	EndGlobalSection
EndGlobal
